
Microsoft Visual Studio Solution File, Format Version 12.00
# Visual Studio Version 17
VisualStudioVersion = 17.2.32630.192
MinimumVisualStudioVersion = 10.0.40219.1
Project("{FAE04EC0-301F-11D3-BF4B-00C04F79EFBC}") = "NetSimplifiedExample", "NetSimplifiedExample\NetSimplifiedExample.csproj", "{29E9A188-544B-4F91-B698-0E530619675B}"
EndProject
Project("{FAE04EC0-301F-11D3-BF4B-00C04F79EFBC}") = "NetSimplified", "src\NetSimplified.csproj", "{AA0D8A4C-D0A8-41DE-ABC4-33180B1896B1}"
EndProject
Global
	GlobalSection(SolutionConfigurationPlatforms) = preSolution
		Debug|Any CPU = Debug|Any CPU
		Release|Any CPU = Release|Any CPU
	EndGlobalSection
	GlobalSection(ProjectConfigurationPlatforms) = postSolution
		{29E9A188-544B-4F91-B698-0E530619675B}.Debug|Any CPU.ActiveCfg = Debug|Any CPU
		{29E9A188-544B-4F91-B698-0E530619675B}.Debug|Any CPU.Build.0 = Debug|Any CPU
		{29E9A188-544B-4F91-B698-0E530619675B}.Release|Any CPU.ActiveCfg = Release|Any CPU
		{29E9A188-544B-4F91-B698-0E530619675B}.Release|Any CPU.Build.0 = Release|Any CPU
		{AA0D8A4C-D0A8-41DE-ABC4-33180B1896B1}.Debug|Any CPU.ActiveCfg = Debug|Any CPU
		{AA0D8A4C-D0A8-41DE-ABC4-33180B1896B1}.Debug|Any CPU.Build.0 = Debug|Any CPU
		{AA0D8A4C-D0A8-41DE-ABC4-33180B1896B1}.Release|Any CPU.ActiveCfg = Release|Any CPU
		{AA0D8A4C-D0A8-41DE-ABC4-33180B1896B1}.Release|Any CPU.Build.0 = Release|Any CPU
	EndGlobalSection
	GlobalSection(SolutionProperties) = preSolution
		HideSolutionNode = FALSE
	EndGlobalSection
	GlobalSection(ExtensibilityGlobals) = postSolution
		SolutionGuid = {845148DA-8811-4BAC-BC66-CA62D9392A98}
	EndGlobalSection
EndGlobal
